// !$*UTF8*$!
{
	archiveVersion = 1;
	classes = {
	};
	objectVersion = 51;
	objects = {

/* Begin PBXBuildFile section */
		302B5838D57A292BBEF57483 /* Pods_Theln_TrainingTests.framework in Frameworks */ = {isa = PBXBuildFile; fileRef = 2158E279FC0286169AC094F0 /* Pods_Theln_TrainingTests.framework */; };
		8465BDB0252B207E00AC96F8 /* EditEmployeeViewController.swift in Sources */ = {isa = PBXBuildFile; fileRef = 8465BDAF252B207E00AC96F8 /* EditEmployeeViewController.swift */; };
		84A6FC79252AE6A300C4475B /* EmployeeDataModel.swift in Sources */ = {isa = PBXBuildFile; fileRef = 84A6FC78252AE6A300C4475B /* EmployeeDataModel.swift */; };
		84A6FC7B252AE76C00C4475B /* EmployeeObject.swift in Sources */ = {isa = PBXBuildFile; fileRef = 84A6FC7A252AE76C00C4475B /* EmployeeObject.swift */; };
		84A6FC7D252AEEEE00C4475B /* TheLNConnection.swift in Sources */ = {isa = PBXBuildFile; fileRef = 84A6FC7C252AEEEE00C4475B /* TheLNConnection.swift */; };
		84A6FC7F252AF3B900C4475B /* EmployeeTableViewCell.swift in Sources */ = {isa = PBXBuildFile; fileRef = 84A6FC7E252AF3B900C4475B /* EmployeeTableViewCell.swift */; };
		84DDDD0725270D3200B8AA1A /* AppDelegate.swift in Sources */ = {isa = PBXBuildFile; fileRef = 84DDDD0625270D3200B8AA1A /* AppDelegate.swift */; };
		84DDDD0925270D3200B8AA1A /* SceneDelegate.swift in Sources */ = {isa = PBXBuildFile; fileRef = 84DDDD0825270D3200B8AA1A /* SceneDelegate.swift */; };
		84DDDD0B25270D3200B8AA1A /* ManagerEmployeeViewController.swift in Sources */ = {isa = PBXBuildFile; fileRef = 84DDDD0A25270D3200B8AA1A /* ManagerEmployeeViewController.swift */; };
		84DDDD0E25270D3200B8AA1A /* Main.storyboard in Resources */ = {isa = PBXBuildFile; fileRef = 84DDDD0C25270D3200B8AA1A /* Main.storyboard */; };
		84DDDD1025270D3A00B8AA1A /* Assets.xcassets in Resources */ = {isa = PBXBuildFile; fileRef = 84DDDD0F25270D3A00B8AA1A /* Assets.xcassets */; };
		84DDDD1325270D3A00B8AA1A /* LaunchScreen.storyboard in Resources */ = {isa = PBXBuildFile; fileRef = 84DDDD1125270D3A00B8AA1A /* LaunchScreen.storyboard */; };
		84DDDD1E25270D3D00B8AA1A /* Theln_TrainingTests.swift in Sources */ = {isa = PBXBuildFile; fileRef = 84DDDD1D25270D3D00B8AA1A /* Theln_TrainingTests.swift */; };
		84DDDD2925270D3D00B8AA1A /* Theln_TrainingUITests.swift in Sources */ = {isa = PBXBuildFile; fileRef = 84DDDD2825270D3D00B8AA1A /* Theln_TrainingUITests.swift */; };
		86751B27826A409F388FC3C2 /* Pods_Theln_Training.framework in Frameworks */ = {isa = PBXBuildFile; fileRef = F0606D5BDEA3E08388681472 /* Pods_Theln_Training.framework */; };
		F2AD081B70013C72B3BBCCDB /* Pods_Theln_Training_Theln_TrainingUITests.framework in Frameworks */ = {isa = PBXBuildFile; fileRef = AA2FA944CB3DA97810C60E68 /* Pods_Theln_Training_Theln_TrainingUITests.framework */; };
/* End PBXBuildFile section */

/* Begin PBXContainerItemProxy section */
		84DDDD1A25270D3C00B8AA1A /* PBXContainerItemProxy */ = {
			isa = PBXContainerItemProxy;
			containerPortal = 84DDDCFB25270D2C00B8AA1A /* Project object */;
			proxyType = 1;
			remoteGlobalIDString = 84DDDD0225270D3200B8AA1A;
			remoteInfo = Theln_Training;
		};
		84DDDD2525270D3D00B8AA1A /* PBXContainerItemProxy */ = {
			isa = PBXContainerItemProxy;
			containerPortal = 84DDDCFB25270D2C00B8AA1A /* Project object */;
			proxyType = 1;
			remoteGlobalIDString = 84DDDD0225270D3200B8AA1A;
			remoteInfo = Theln_Training;
		};
/* End PBXContainerItemProxy section */

/* Begin PBXFileReference section */
		2158E279FC0286169AC094F0 /* Pods_Theln_TrainingTests.framework */ = {isa = PBXFileReference; explicitFileType = wrapper.framework; includeInIndex = 0; path = Pods_Theln_TrainingTests.framework; sourceTree = BUILT_PRODUCTS_DIR; };
		52B8734C94C974EBB6A54546 /* Pods-Theln_Training.release.xcconfig */ = {isa = PBXFileReference; includeInIndex = 1; lastKnownFileType = text.xcconfig; name = "Pods-Theln_Training.release.xcconfig"; path = "Target Support Files/Pods-Theln_Training/Pods-Theln_Training.release.xcconfig"; sourceTree = "<group>"; };
		5FCDD21F58D6D7D9420384DE /* Pods-Theln_Training-Theln_TrainingUITests.release.xcconfig */ = {isa = PBXFileReference; includeInIndex = 1; lastKnownFileType = text.xcconfig; name = "Pods-Theln_Training-Theln_TrainingUITests.release.xcconfig"; path = "Target Support Files/Pods-Theln_Training-Theln_TrainingUITests/Pods-Theln_Training-Theln_TrainingUITests.release.xcconfig"; sourceTree = "<group>"; };
		6AC7D35F8D14B1DD3EB8F0C0 /* Pods-Theln_TrainingTests.release.xcconfig */ = {isa = PBXFileReference; includeInIndex = 1; lastKnownFileType = text.xcconfig; name = "Pods-Theln_TrainingTests.release.xcconfig"; path = "Target Support Files/Pods-Theln_TrainingTests/Pods-Theln_TrainingTests.release.xcconfig"; sourceTree = "<group>"; };
		8465BDAF252B207E00AC96F8 /* EditEmployeeViewController.swift */ = {isa = PBXFileReference; lastKnownFileType = sourcecode.swift; path = EditEmployeeViewController.swift; sourceTree = "<group>"; };
		84A6FC78252AE6A300C4475B /* EmployeeDataModel.swift */ = {isa = PBXFileReference; lastKnownFileType = sourcecode.swift; path = EmployeeDataModel.swift; sourceTree = "<group>"; };
		84A6FC7A252AE76C00C4475B /* EmployeeObject.swift */ = {isa = PBXFileReference; lastKnownFileType = sourcecode.swift; path = EmployeeObject.swift; sourceTree = "<group>"; };
		84A6FC7C252AEEEE00C4475B /* TheLNConnection.swift */ = {isa = PBXFileReference; lastKnownFileType = sourcecode.swift; path = TheLNConnection.swift; sourceTree = "<group>"; };
		84A6FC7E252AF3B900C4475B /* EmployeeTableViewCell.swift */ = {isa = PBXFileReference; lastKnownFileType = sourcecode.swift; path = EmployeeTableViewCell.swift; sourceTree = "<group>"; };
		84DDDD0325270D3200B8AA1A /* Theln_Training.app */ = {isa = PBXFileReference; explicitFileType = wrapper.application; includeInIndex = 0; path = Theln_Training.app; sourceTree = BUILT_PRODUCTS_DIR; };
		84DDDD0625270D3200B8AA1A /* AppDelegate.swift */ = {isa = PBXFileReference; lastKnownFileType = sourcecode.swift; path = AppDelegate.swift; sourceTree = "<group>"; };
		84DDDD0825270D3200B8AA1A /* SceneDelegate.swift */ = {isa = PBXFileReference; lastKnownFileType = sourcecode.swift; path = SceneDelegate.swift; sourceTree = "<group>"; };
		84DDDD0A25270D3200B8AA1A /* ManagerEmployeeViewController.swift */ = {isa = PBXFileReference; lastKnownFileType = sourcecode.swift; path = ManagerEmployeeViewController.swift; sourceTree = "<group>"; };
		84DDDD0D25270D3200B8AA1A /* Base */ = {isa = PBXFileReference; lastKnownFileType = file.storyboard; name = Base; path = Base.lproj/Main.storyboard; sourceTree = "<group>"; };
		84DDDD0F25270D3A00B8AA1A /* Assets.xcassets */ = {isa = PBXFileReference; lastKnownFileType = folder.assetcatalog; path = Assets.xcassets; sourceTree = "<group>"; };
		84DDDD1225270D3A00B8AA1A /* Base */ = {isa = PBXFileReference; lastKnownFileType = file.storyboard; name = Base; path = Base.lproj/LaunchScreen.storyboard; sourceTree = "<group>"; };
		84DDDD1425270D3A00B8AA1A /* Info.plist */ = {isa = PBXFileReference; lastKnownFileType = text.plist.xml; path = Info.plist; sourceTree = "<group>"; };
		84DDDD1925270D3C00B8AA1A /* Theln_TrainingTests.xctest */ = {isa = PBXFileReference; explicitFileType = wrapper.cfbundle; includeInIndex = 0; path = Theln_TrainingTests.xctest; sourceTree = BUILT_PRODUCTS_DIR; };
		84DDDD1D25270D3D00B8AA1A /* Theln_TrainingTests.swift */ = {isa = PBXFileReference; lastKnownFileType = sourcecode.swift; path = Theln_TrainingTests.swift; sourceTree = "<group>"; };
		84DDDD1F25270D3D00B8AA1A /* Info.plist */ = {isa = PBXFileReference; lastKnownFileType = text.plist.xml; path = Info.plist; sourceTree = "<group>"; };
		84DDDD2425270D3D00B8AA1A /* Theln_TrainingUITests.xctest */ = {isa = PBXFileReference; explicitFileType = wrapper.cfbundle; includeInIndex = 0; path = Theln_TrainingUITests.xctest; sourceTree = BUILT_PRODUCTS_DIR; };
		84DDDD2825270D3D00B8AA1A /* Theln_TrainingUITests.swift */ = {isa = PBXFileReference; lastKnownFileType = sourcecode.swift; path = Theln_TrainingUITests.swift; sourceTree = "<group>"; };
		84DDDD2A25270D3D00B8AA1A /* Info.plist */ = {isa = PBXFileReference; lastKnownFileType = text.plist.xml; path = Info.plist; sourceTree = "<group>"; };
		AA2FA944CB3DA97810C60E68 /* Pods_Theln_Training_Theln_TrainingUITests.framework */ = {isa = PBXFileReference; explicitFileType = wrapper.framework; includeInIndex = 0; path = Pods_Theln_Training_Theln_TrainingUITests.framework; sourceTree = BUILT_PRODUCTS_DIR; };
		B915B359762025981123E657 /* Pods-Theln_Training.debug.xcconfig */ = {isa = PBXFileReference; includeInIndex = 1; lastKnownFileType = text.xcconfig; name = "Pods-Theln_Training.debug.xcconfig"; path = "Target Support Files/Pods-Theln_Training/Pods-Theln_Training.debug.xcconfig"; sourceTree = "<group>"; };
		C9A1D0B17ACB5BE479B84A67 /* Pods-Theln_TrainingTests.debug.xcconfig */ = {isa = PBXFileReference; includeInIndex = 1; lastKnownFileType = text.xcconfig; name = "Pods-Theln_TrainingTests.debug.xcconfig"; path = "Target Support Files/Pods-Theln_TrainingTests/Pods-Theln_TrainingTests.debug.xcconfig"; sourceTree = "<group>"; };
		DB03C71A13CFF6D099040156 /* Pods-Theln_Training-Theln_TrainingUITests.debug.xcconfig */ = {isa = PBXFileReference; includeInIndex = 1; lastKnownFileType = text.xcconfig; name = "Pods-Theln_Training-Theln_TrainingUITests.debug.xcconfig"; path = "Target Support Files/Pods-Theln_Training-Theln_TrainingUITests/Pods-Theln_Training-Theln_TrainingUITests.debug.xcconfig"; sourceTree = "<group>"; };
		F0606D5BDEA3E08388681472 /* Pods_Theln_Training.framework */ = {isa = PBXFileReference; explicitFileType = wrapper.framework; includeInIndex = 0; path = Pods_Theln_Training.framework; sourceTree = BUILT_PRODUCTS_DIR; };
/* End PBXFileReference section */

/* Begin PBXFrameworksBuildPhase section */
		84DDDD0025270D3200B8AA1A /* Frameworks */ = {
			isa = PBXFrameworksBuildPhase;
			buildActionMask = 2147483647;
			files = (
				86751B27826A409F388FC3C2 /* Pods_Theln_Training.framework in Frameworks */,
			);
			runOnlyForDeploymentPostprocessing = 0;
		};
		84DDDD1625270D3C00B8AA1A /* Frameworks */ = {
			isa = PBXFrameworksBuildPhase;
			buildActionMask = 2147483647;
			files = (
				302B5838D57A292BBEF57483 /* Pods_Theln_TrainingTests.framework in Frameworks */,
			);
			runOnlyForDeploymentPostprocessing = 0;
		};
		84DDDD2125270D3D00B8AA1A /* Frameworks */ = {
			isa = PBXFrameworksBuildPhase;
			buildActionMask = 2147483647;
			files = (
				F2AD081B70013C72B3BBCCDB /* Pods_Theln_Training_Theln_TrainingUITests.framework in Frameworks */,
			);
			runOnlyForDeploymentPostprocessing = 0;
		};
/* End PBXFrameworksBuildPhase section */

/* Begin PBXGroup section */
		8465BDAB252B202300AC96F8 /* Controllers */ = {
			isa = PBXGroup;
			children = (
				84A6FC7E252AF3B900C4475B /* EmployeeTableViewCell.swift */,
				84DDDD0A25270D3200B8AA1A /* ManagerEmployeeViewController.swift */,
				8465BDAF252B207E00AC96F8 /* EditEmployeeViewController.swift */,
			);
			path = Controllers;
			sourceTree = "<group>";
		};
		8465BDAC252B203700AC96F8 /* Model */ = {
			isa = PBXGroup;
			children = (
				84A6FC7A252AE76C00C4475B /* EmployeeObject.swift */,
			);
			path = Model;
			sourceTree = "<group>";
		};
		8465BDAD252B205500AC96F8 /* ViewModel */ = {
			isa = PBXGroup;
			children = (
				84A6FC78252AE6A300C4475B /* EmployeeDataModel.swift */,
			);
			path = ViewModel;
			sourceTree = "<group>";
		};
		8465BDAE252B206000AC96F8 /* Helper */ = {
			isa = PBXGroup;
			children = (
				84A6FC7C252AEEEE00C4475B /* TheLNConnection.swift */,
			);
			path = Helper;
			sourceTree = "<group>";
		};
		84DDDCFA25270D2C00B8AA1A = {
			isa = PBXGroup;
			children = (
				84DDDD0525270D3200B8AA1A /* Theln_Training */,
				84DDDD1C25270D3D00B8AA1A /* Theln_TrainingTests */,
				84DDDD2725270D3D00B8AA1A /* Theln_TrainingUITests */,
				84DDDD0425270D3200B8AA1A /* Products */,
				CC6DACB0F4C32D60B7AD641B /* Pods */,
				92FBB3DA857DA6607410DA57 /* Frameworks */,
			);
			sourceTree = "<group>";
		};
		84DDDD0425270D3200B8AA1A /* Products */ = {
			isa = PBXGroup;
			children = (
				84DDDD0325270D3200B8AA1A /* Theln_Training.app */,
				84DDDD1925270D3C00B8AA1A /* Theln_TrainingTests.xctest */,
				84DDDD2425270D3D00B8AA1A /* Theln_TrainingUITests.xctest */,
			);
			name = Products;
			sourceTree = "<group>";
		};
		84DDDD0525270D3200B8AA1A /* Theln_Training */ = {
			isa = PBXGroup;
			children = (
				8465BDAE252B206000AC96F8 /* Helper */,
				8465BDAD252B205500AC96F8 /* ViewModel */,
				8465BDAC252B203700AC96F8 /* Model */,
				8465BDAB252B202300AC96F8 /* Controllers */,
				84DDDD0625270D3200B8AA1A /* AppDelegate.swift */,
				84DDDD0825270D3200B8AA1A /* SceneDelegate.swift */,
				84DDDD0C25270D3200B8AA1A /* Main.storyboard */,
				84DDDD0F25270D3A00B8AA1A /* Assets.xcassets */,
				84DDDD1125270D3A00B8AA1A /* LaunchScreen.storyboard */,
				84DDDD1425270D3A00B8AA1A /* Info.plist */,
			);
			path = Theln_Training;
			sourceTree = "<group>";
		};
		84DDDD1C25270D3D00B8AA1A /* Theln_TrainingTests */ = {
			isa = PBXGroup;
			children = (
				84DDDD1D25270D3D00B8AA1A /* Theln_TrainingTests.swift */,
				84DDDD1F25270D3D00B8AA1A /* Info.plist */,
			);
			path = Theln_TrainingTests;
			sourceTree = "<group>";
		};
		84DDDD2725270D3D00B8AA1A /* Theln_TrainingUITests */ = {
			isa = PBXGroup;
			children = (
				84DDDD2825270D3D00B8AA1A /* Theln_TrainingUITests.swift */,
				84DDDD2A25270D3D00B8AA1A /* Info.plist */,
			);
			path = Theln_TrainingUITests;
			sourceTree = "<group>";
		};
		92FBB3DA857DA6607410DA57 /* Frameworks */ = {
			isa = PBXGroup;
			children = (
				F0606D5BDEA3E08388681472 /* Pods_Theln_Training.framework */,
				AA2FA944CB3DA97810C60E68 /* Pods_Theln_Training_Theln_TrainingUITests.framework */,
				2158E279FC0286169AC094F0 /* Pods_Theln_TrainingTests.framework */,
			);
			name = Frameworks;
			sourceTree = "<group>";
		};
		CC6DACB0F4C32D60B7AD641B /* Pods */ = {
			isa = PBXGroup;
			children = (
				B915B359762025981123E657 /* Pods-Theln_Training.debug.xcconfig */,
				52B8734C94C974EBB6A54546 /* Pods-Theln_Training.release.xcconfig */,
				DB03C71A13CFF6D099040156 /* Pods-Theln_Training-Theln_TrainingUITests.debug.xcconfig */,
				5FCDD21F58D6D7D9420384DE /* Pods-Theln_Training-Theln_TrainingUITests.release.xcconfig */,
				C9A1D0B17ACB5BE479B84A67 /* Pods-Theln_TrainingTests.debug.xcconfig */,
				6AC7D35F8D14B1DD3EB8F0C0 /* Pods-Theln_TrainingTests.release.xcconfig */,
			);
			path = Pods;
			sourceTree = "<group>";
		};
/* End PBXGroup section */

/* Begin PBXNativeTarget section */
		84DDDD0225270D3200B8AA1A /* Theln_Training */ = {
			isa = PBXNativeTarget;
			buildConfigurationList = 84DDDD2D25270D3E00B8AA1A /* Build configuration list for PBXNativeTarget "Theln_Training" */;
			buildPhases = (
				FD8A8FBBDBBE18C416F6DFDE /* [CP] Check Pods Manifest.lock */,
				84DDDCFF25270D3200B8AA1A /* Sources */,
				84DDDD0025270D3200B8AA1A /* Frameworks */,
				84DDDD0125270D3200B8AA1A /* Resources */,
				3847BA2198CA78DD7825DB7B /* [CP] Embed Pods Frameworks */,
			);
			buildRules = (
			);
			dependencies = (
			);
			name = Theln_Training;
			productName = Theln_Training;
			productReference = 84DDDD0325270D3200B8AA1A /* Theln_Training.app */;
			productType = "com.apple.product-type.application";
		};
		84DDDD1825270D3C00B8AA1A /* Theln_TrainingTests */ = {
			isa = PBXNativeTarget;
			buildConfigurationList = 84DDDD3025270D3E00B8AA1A /* Build configuration list for PBXNativeTarget "Theln_TrainingTests" */;
			buildPhases = (
				242073759D39A65E0DD87420 /* [CP] Check Pods Manifest.lock */,
				84DDDD1525270D3C00B8AA1A /* Sources */,
				84DDDD1625270D3C00B8AA1A /* Frameworks */,
				84DDDD1725270D3C00B8AA1A /* Resources */,
			);
			buildRules = (
			);
			dependencies = (
				84DDDD1B25270D3C00B8AA1A /* PBXTargetDependency */,
			);
			name = Theln_TrainingTests;
			productName = Theln_TrainingTests;
			productReference = 84DDDD1925270D3C00B8AA1A /* Theln_TrainingTests.xctest */;
			productType = "com.apple.product-type.bundle.unit-test";
		};
		84DDDD2325270D3D00B8AA1A /* Theln_TrainingUITests */ = {
			isa = PBXNativeTarget;
			buildConfigurationList = 84DDDD3325270D3F00B8AA1A /* Build configuration list for PBXNativeTarget "Theln_TrainingUITests" */;
			buildPhases = (
				F3B5ECEBA5CBB3F161962B93 /* [CP] Check Pods Manifest.lock */,
				84DDDD2025270D3D00B8AA1A /* Sources */,
				84DDDD2125270D3D00B8AA1A /* Frameworks */,
				84DDDD2225270D3D00B8AA1A /* Resources */,
				A9374369101BEF158636DB5F /* [CP] Embed Pods Frameworks */,
			);
			buildRules = (
			);
			dependencies = (
				84DDDD2625270D3D00B8AA1A /* PBXTargetDependency */,
			);
			name = Theln_TrainingUITests;
			productName = Theln_TrainingUITests;
			productReference = 84DDDD2425270D3D00B8AA1A /* Theln_TrainingUITests.xctest */;
			productType = "com.apple.product-type.bundle.ui-testing";
		};
/* End PBXNativeTarget section */

/* Begin PBXProject section */
		84DDDCFB25270D2C00B8AA1A /* Project object */ = {
			isa = PBXProject;
			attributes = {
				LastSwiftUpdateCheck = 1130;
				LastUpgradeCheck = 1130;
				ORGANIZATIONNAME = "Ngoc The";
				TargetAttributes = {
					84DDDD0225270D3200B8AA1A = {
						CreatedOnToolsVersion = 11.3.1;
					};
					84DDDD1825270D3C00B8AA1A = {
						CreatedOnToolsVersion = 11.3.1;
						TestTargetID = 84DDDD0225270D3200B8AA1A;
					};
					84DDDD2325270D3D00B8AA1A = {
						CreatedOnToolsVersion = 11.3.1;
						TestTargetID = 84DDDD0225270D3200B8AA1A;
					};
				};
			};
			buildConfigurationList = 84DDDCFE25270D3100B8AA1A /* Build configuration list for PBXProject "Theln_Training" */;
			compatibilityVersion = "Xcode 9.3";
			developmentRegion = en;
			hasScannedForEncodings = 0;
			knownRegions = (
				en,
				Base,
			);
			mainGroup = 84DDDCFA25270D2C00B8AA1A;
			productRefGroup = 84DDDD0425270D3200B8AA1A /* Products */;
			projectDirPath = "";
			projectRoot = "";
			targets = (
				84DDDD0225270D3200B8AA1A /* Theln_Training */,
				84DDDD1825270D3C00B8AA1A /* Theln_TrainingTests */,
				84DDDD2325270D3D00B8AA1A /* Theln_TrainingUITests */,
			);
		};
/* End PBXProject section */

/* Begin PBXResourcesBuildPhase section */
		84DDDD0125270D3200B8AA1A /* Resources */ = {
			isa = PBXResourcesBuildPhase;
			buildActionMask = 2147483647;
			files = (
				84DDDD1325270D3A00B8AA1A /* LaunchScreen.storyboard in Resources */,
				84DDDD1025270D3A00B8AA1A /* Assets.xcassets in Resources */,
				84DDDD0E25270D3200B8AA1A /* Main.storyboard in Resources */,
			);
			runOnlyForDeploymentPostprocessing = 0;
		};
		84DDDD1725270D3C00B8AA1A /* Resources */ = {
			isa = PBXResourcesBuildPhase;
			buildActionMask = 2147483647;
			files = (
			);
			runOnlyForDeploymentPostprocessing = 0;
		};
		84DDDD2225270D3D00B8AA1A /* Resources */ = {
			isa = PBXResourcesBuildPhase;
			buildActionMask = 2147483647;
			files = (
			);
			runOnlyForDeploymentPostprocessing = 0;
		};
/* End PBXResourcesBuildPhase section */

/* Begin PBXShellScriptBuildPhase section */
		242073759D39A65E0DD87420 /* [CP] Check Pods Manifest.lock */ = {
			isa = PBXShellScriptBuildPhase;
			buildActionMask = 2147483647;
			files = (
			);
			inputFileListPaths = (
			);
			inputPaths = (
				"${PODS_PODFILE_DIR_PATH}/Podfile.lock",
				"${PODS_ROOT}/Manifest.lock",
			);
			name = "[CP] Check Pods Manifest.lock";
			outputFileListPaths = (
			);
			outputPaths = (
				"$(DERIVED_FILE_DIR)/Pods-Theln_TrainingTests-checkManifestLockResult.txt",
			);
			runOnlyForDeploymentPostprocessing = 0;
			shellPath = /bin/sh;
			shellScript = "diff \"${PODS_PODFILE_DIR_PATH}/Podfile.lock\" \"${PODS_ROOT}/Manifest.lock\" > /dev/null\nif [ $? != 0 ] ; then\n    # print error to STDERR\n    echo \"error: The sandbox is not in sync with the Podfile.lock. Run 'pod install' or update your CocoaPods installation.\" >&2\n    exit 1\nfi\n# This output is used by Xcode 'outputs' to avoid re-running this script phase.\necho \"SUCCESS\" > \"${SCRIPT_OUTPUT_FILE_0}\"\n";
			showEnvVarsInLog = 0;
		};
		3847BA2198CA78DD7825DB7B /* [CP] Embed Pods Frameworks */ = {
			isa = PBXShellScriptBuildPhase;
			buildActionMask = 2147483647;
			files = (
			);
			inputFileListPaths = (
				"${PODS_ROOT}/Target Support Files/Pods-Theln_Training/Pods-Theln_Training-frameworks-${CONFIGURATION}-input-files.xcfilelist",
			);
			name = "[CP] Embed Pods Frameworks";
			outputFileListPaths = (
				"${PODS_ROOT}/Target Support Files/Pods-Theln_Training/Pods-Theln_Training-frameworks-${CONFIGURATION}-output-files.xcfilelist",
			);
			runOnlyForDeploymentPostprocessing = 0;
			shellPath = /bin/sh;
			shellScript = "\"${PODS_ROOT}/Target Support Files/Pods-Theln_Training/Pods-Theln_Training-frameworks.sh\"\n";
			showEnvVarsInLog = 0;
		};
		A9374369101BEF158636DB5F /* [CP] Embed Pods Frameworks */ = {
			isa = PBXShellScriptBuildPhase;
			buildActionMask = 2147483647;
			files = (
			);
			inputFileListPaths = (
				"${PODS_ROOT}/Target Support Files/Pods-Theln_Training-Theln_TrainingUITests/Pods-Theln_Training-Theln_TrainingUITests-frameworks-${CONFIGURATION}-input-files.xcfilelist",
			);
			name = "[CP] Embed Pods Frameworks";
			outputFileListPaths = (
				"${PODS_ROOT}/Target Support Files/Pods-Theln_Training-Theln_TrainingUITests/Pods-Theln_Training-Theln_TrainingUITests-frameworks-${CONFIGURATION}-output-files.xcfilelist",
			);
			runOnlyForDeploymentPostprocessing = 0;
			shellPath = /bin/sh;
			shellScript = "\"${PODS_ROOT}/Target Support Files/Pods-Theln_Training-Theln_TrainingUITests/Pods-Theln_Training-Theln_TrainingUITests-frameworks.sh\"\n";
			showEnvVarsInLog = 0;
		};
		F3B5ECEBA5CBB3F161962B93 /* [CP] Check Pods Manifest.lock */ = {
			isa = PBXShellScriptBuildPhase;
			buildActionMask = 2147483647;
			files = (
			);
			inputFileListPaths = (
			);
			inputPaths = (
				"${PODS_PODFILE_DIR_PATH}/Podfile.lock",
				"${PODS_ROOT}/Manifest.lock",
			);
			name = "[CP] Check Pods Manifest.lock";
			outputFileListPaths = (
			);
			outputPaths = (
				"$(DERIVED_FILE_DIR)/Pods-Theln_Training-Theln_TrainingUITests-checkManifestLockResult.txt",
			);
			runOnlyForDeploymentPostprocessing = 0;
			shellPath = /bin/sh;
			shellScript = "diff \"${PODS_PODFILE_DIR_PATH}/Podfile.lock\" \"${PODS_ROOT}/Manifest.lock\" > /dev/null\nif [ $? != 0 ] ; then\n    # print error to STDERR\n    echo \"error: The sandbox is not in sync with the Podfile.lock. Run 'pod install' or update your CocoaPods installation.\" >&2\n    exit 1\nfi\n# This output is used by Xcode 'outputs' to avoid re-running this script phase.\necho \"SUCCESS\" > \"${SCRIPT_OUTPUT_FILE_0}\"\n";
			showEnvVarsInLog = 0;
		};
		FD8A8FBBDBBE18C416F6DFDE /* [CP] Check Pods Manifest.lock */ = {
			isa = PBXShellScriptBuildPhase;
			buildActionMask = 2147483647;
			files = (
			);
			inputFileListPaths = (
			);
			inputPaths = (
				"${PODS_PODFILE_DIR_PATH}/Podfile.lock",
				"${PODS_ROOT}/Manifest.lock",
			);
			name = "[CP] Check Pods Manifest.lock";
			outputFileListPaths = (
			);
			outputPaths = (
				"$(DERIVED_FILE_DIR)/Pods-Theln_Training-checkManifestLockResult.txt",
			);
			runOnlyForDeploymentPostprocessing = 0;
			shellPath = /bin/sh;
			shellScript = "diff \"${PODS_PODFILE_DIR_PATH}/Podfile.lock\" \"${PODS_ROOT}/Manifest.lock\" > /dev/null\nif [ $? != 0 ] ; then\n    # print error to STDERR\n    echo \"error: The sandbox is not in sync with the Podfile.lock. Run 'pod install' or update your CocoaPods installation.\" >&2\n    exit 1\nfi\n# This output is used by Xcode 'outputs' to avoid re-running this script phase.\necho \"SUCCESS\" > \"${SCRIPT_OUTPUT_FILE_0}\"\n";
			showEnvVarsInLog = 0;
		};
/* End PBXShellScriptBuildPhase section */

/* Begin PBXSourcesBuildPhase section */
		84DDDCFF25270D3200B8AA1A /* Sources */ = {
			isa = PBXSourcesBuildPhase;
			buildActionMask = 2147483647;
			files = (
				8465BDB0252B207E00AC96F8 /* EditEmployeeViewController.swift in Sources */,
				84DDDD0B25270D3200B8AA1A /* ManagerEmployeeViewController.swift in Sources */,
				84A6FC7F252AF3B900C4475B /* EmployeeTableViewCell.swift in Sources */,
				84A6FC7D252AEEEE00C4475B /* TheLNConnection.swift in Sources */,
				84A6FC7B252AE76C00C4475B /* EmployeeObject.swift in Sources */,
				84A6FC79252AE6A300C4475B /* EmployeeDataModel.swift in Sources */,
				84DDDD0725270D3200B8AA1A /* AppDelegate.swift in Sources */,
				84DDDD0925270D3200B8AA1A /* SceneDelegate.swift in Sources */,
			);
			runOnlyForDeploymentPostprocessing = 0;
		};
		84DDDD1525270D3C00B8AA1A /* Sources */ = {
			isa = PBXSourcesBuildPhase;
			buildActionMask = 2147483647;
			files = (
				84DDDD1E25270D3D00B8AA1A /* Theln_TrainingTests.swift in Sources */,
			);
			runOnlyForDeploymentPostprocessing = 0;
		};
		84DDDD2025270D3D00B8AA1A /* Sources */ = {
			isa = PBXSourcesBuildPhase;
			buildActionMask = 2147483647;
			files = (
				84DDDD2925270D3D00B8AA1A /* Theln_TrainingUITests.swift in Sources */,
			);
			runOnlyForDeploymentPostprocessing = 0;
		};
/* End PBXSourcesBuildPhase section */

/* Begin PBXTargetDependency section */
		84DDDD1B25270D3C00B8AA1A /* PBXTargetDependency */ = {
			isa = PBXTargetDependency;
			target = 84DDDD0225270D3200B8AA1A /* Theln_Training */;
			targetProxy = 84DDDD1A25270D3C00B8AA1A /* PBXContainerItemProxy */;
		};
		84DDDD2625270D3D00B8AA1A /* PBXTargetDependency */ = {
			isa = PBXTargetDependency;
			target = 84DDDD0225270D3200B8AA1A /* Theln_Training */;
			targetProxy = 84DDDD2525270D3D00B8AA1A /* PBXContainerItemProxy */;
		};
/* End PBXTargetDependency section */

/* Begin PBXVariantGroup section */
		84DDDD0C25270D3200B8AA1A /* Main.storyboard */ = {
			isa = PBXVariantGroup;
			children = (
				84DDDD0D25270D3200B8AA1A /* Base */,
			);
			name = Main.storyboard;
			sourceTree = "<group>";
		};
		84DDDD1125270D3A00B8AA1A /* LaunchScreen.storyboard */ = {
			isa = PBXVariantGroup;
			children = (
				84DDDD1225270D3A00B8AA1A /* Base */,
			);
			name = LaunchScreen.storyboard;
			sourceTree = "<group>";
		};
/* End PBXVariantGroup section */

/* Begin XCBuildConfiguration section */
		84DDDD2B25270D3D00B8AA1A /* Debug */ = {
			isa = XCBuildConfiguration;
			buildSettings = {
				ALWAYS_SEARCH_USER_PATHS = NO;
				CLANG_ANALYZER_NONNULL = YES;
				CLANG_ANALYZER_NUMBER_OBJECT_CONVERSION = YES_AGGRESSIVE;
				CLANG_CXX_LANGUAGE_STANDARD = "gnu++14";
				CLANG_CXX_LIBRARY = "libc++";
				CLANG_ENABLE_MODULES = YES;
				CLANG_ENABLE_OBJC_ARC = YES;
				CLANG_ENABLE_OBJC_WEAK = YES;
				CLANG_WARN_BLOCK_CAPTURE_AUTORELEASING = YES;
				CLANG_WARN_BOOL_CONVERSION = YES;
				CLANG_WARN_COMMA = YES;
				CLANG_WARN_CONSTANT_CONVERSION = YES;
				CLANG_WARN_DEPRECATED_OBJC_IMPLEMENTATIONS = YES;
				CLANG_WARN_DIRECT_OBJC_ISA_USAGE = YES_ERROR;
				CLANG_WARN_DOCUMENTATION_COMMENTS = YES;
				CLANG_WARN_EMPTY_BODY = YES;
				CLANG_WARN_ENUM_CONVERSION = YES;
				CLANG_WARN_INFINITE_RECURSION = YES;
				CLANG_WARN_INT_CONVERSION = YES;
				CLANG_WARN_NON_LITERAL_NULL_CONVERSION = YES;
				CLANG_WARN_OBJC_IMPLICIT_RETAIN_SELF = YES;
				CLANG_WARN_OBJC_LITERAL_CONVERSION = YES;
				CLANG_WARN_OBJC_ROOT_CLASS = YES_ERROR;
				CLANG_WARN_RANGE_LOOP_ANALYSIS = YES;
				CLANG_WARN_STRICT_PROTOTYPES = YES;
				CLANG_WARN_SUSPICIOUS_MOVE = YES;
				CLANG_WARN_UNGUARDED_AVAILABILITY = YES_AGGRESSIVE;
				CLANG_WARN_UNREACHABLE_CODE = YES;
				CLANG_WARN__DUPLICATE_METHOD_MATCH = YES;
				COPY_PHASE_STRIP = NO;
				DEBUG_INFORMATION_FORMAT = dwarf;
				ENABLE_STRICT_OBJC_MSGSEND = YES;
				ENABLE_TESTABILITY = YES;
				GCC_C_LANGUAGE_STANDARD = gnu11;
				GCC_DYNAMIC_NO_PIC = NO;
				GCC_NO_COMMON_BLOCKS = YES;
				GCC_OPTIMIZATION_LEVEL = 0;
				GCC_PREPROCESSOR_DEFINITIONS = (
					"DEBUG=1",
					"$(inherited)",
				);
				GCC_WARN_64_TO_32_BIT_CONVERSION = YES;
				GCC_WARN_ABOUT_RETURN_TYPE = YES_ERROR;
				GCC_WARN_UNDECLARED_SELECTOR = YES;
				GCC_WARN_UNINITIALIZED_AUTOS = YES_AGGRESSIVE;
				GCC_WARN_UNUSED_FUNCTION = YES;
				GCC_WARN_UNUSED_VARIABLE = YES;
				IPHONEOS_DEPLOYMENT_TARGET = 13.2;
				MTL_ENABLE_DEBUG_INFO = INCLUDE_SOURCE;
				MTL_FAST_MATH = YES;
				ONLY_ACTIVE_ARCH = YES;
				SDKROOT = iphoneos;
				SWIFT_ACTIVE_COMPILATION_CONDITIONS = DEBUG;
				SWIFT_OPTIMIZATION_LEVEL = "-Onone";
			};
			name = Debug;
		};
		84DDDD2C25270D3D00B8AA1A /* Release */ = {
			isa = XCBuildConfiguration;
			buildSettings = {
				ALWAYS_SEARCH_USER_PATHS = NO;
				CLANG_ANALYZER_NONNULL = YES;
				CLANG_ANALYZER_NUMBER_OBJECT_CONVERSION = YES_AGGRESSIVE;
				CLANG_CXX_LANGUAGE_STANDARD = "gnu++14";
				CLANG_CXX_LIBRARY = "libc++";
				CLANG_ENABLE_MODULES = YES;
				CLANG_ENABLE_OBJC_ARC = YES;
				CLANG_ENABLE_OBJC_WEAK = YES;
				CLANG_WARN_BLOCK_CAPTURE_AUTORELEASING = YES;
				CLANG_WARN_BOOL_CONVERSION = YES;
				CLANG_WARN_COMMA = YES;
				CLANG_WARN_CONSTANT_CONVERSION = YES;
				CLANG_WARN_DEPRECATED_OBJC_IMPLEMENTATIONS = YES;
				CLANG_WARN_DIRECT_OBJC_ISA_USAGE = YES_ERROR;
				CLANG_WARN_DOCUMENTATION_COMMENTS = YES;
				CLANG_WARN_EMPTY_BODY = YES;
				CLANG_WARN_ENUM_CONVERSION = YES;
				CLANG_WARN_INFINITE_RECURSION = YES;
				CLANG_WARN_INT_CONVERSION = YES;
				CLANG_WARN_NON_LITERAL_NULL_CONVERSION = YES;
				CLANG_WARN_OBJC_IMPLICIT_RETAIN_SELF = YES;
				CLANG_WARN_OBJC_LITERAL_CONVERSION = YES;
				CLANG_WARN_OBJC_ROOT_CLASS = YES_ERROR;
				CLANG_WARN_RANGE_LOOP_ANALYSIS = YES;
				CLANG_WARN_STRICT_PROTOTYPES = YES;
				CLANG_WARN_SUSPICIOUS_MOVE = YES;
				CLANG_WARN_UNGUARDED_AVAILABILITY = YES_AGGRESSIVE;
				CLANG_WARN_UNREACHABLE_CODE = YES;
				CLANG_WARN__DUPLICATE_METHOD_MATCH = YES;
				COPY_PHASE_STRIP = NO;
				DEBUG_INFORMATION_FORMAT = "dwarf-with-dsym";
				ENABLE_NS_ASSERTIONS = NO;
				ENABLE_STRICT_OBJC_MSGSEND = YES;
				GCC_C_LANGUAGE_STANDARD = gnu11;
				GCC_NO_COMMON_BLOCKS = YES;
				GCC_WARN_64_TO_32_BIT_CONVERSION = YES;
				GCC_WARN_ABOUT_RETURN_TYPE = YES_ERROR;
				GCC_WARN_UNDECLARED_SELECTOR = YES;
				GCC_WARN_UNINITIALIZED_AUTOS = YES_AGGRESSIVE;
				GCC_WARN_UNUSED_FUNCTION = YES;
				GCC_WARN_UNUSED_VARIABLE = YES;
				IPHONEOS_DEPLOYMENT_TARGET = 13.2;
				MTL_ENABLE_DEBUG_INFO = NO;
				MTL_FAST_MATH = YES;
				SDKROOT = iphoneos;
				SWIFT_COMPILATION_MODE = wholemodule;
				SWIFT_OPTIMIZATION_LEVEL = "-O";
				VALIDATE_PRODUCT = YES;
			};
			name = Release;
		};
		84DDDD2E25270D3E00B8AA1A /* Debug */ = {
			isa = XCBuildConfiguration;
			baseConfigurationReference = B915B359762025981123E657 /* Pods-Theln_Training.debug.xcconfig */;
			buildSettings = {
				ASSETCATALOG_COMPILER_APPICON_NAME = AppIcon;
				CODE_SIGN_STYLE = Automatic;
				DEVELOPMENT_TEAM = 678Z7S5FB3;
				INFOPLIST_FILE = Theln_Training/Info.plist;
				LD_RUNPATH_SEARCH_PATHS = (
					"$(inherited)",
					"@executable_path/Frameworks",
				);
				PRODUCT_BUNDLE_IDENTIFIER = "com.Theln-Training";
				PRODUCT_NAME = "$(TARGET_NAME)";
				SWIFT_VERSION = 5.0;
				TARGETED_DEVICE_FAMILY = "1,2";
			};
			name = Debug;
		};
		84DDDD2F25270D3E00B8AA1A /* Release */ = {
			isa = XCBuildConfiguration;
			baseConfigurationReference = 52B8734C94C974EBB6A54546 /* Pods-Theln_Training.release.xcconfig */;
			buildSettings = {
				ASSETCATALOG_COMPILER_APPICON_NAME = AppIcon;
				CODE_SIGN_STYLE = Automatic;
				DEVELOPMENT_TEAM = 678Z7S5FB3;
				INFOPLIST_FILE = Theln_Training/Info.plist;
				LD_RUNPATH_SEARCH_PATHS = (
					"$(inherited)",
					"@executable_path/Frameworks",
				);
				PRODUCT_BUNDLE_IDENTIFIER = "com.Theln-Training";
				PRODUCT_NAME = "$(TARGET_NAME)";
				SWIFT_VERSION = 5.0;
				TARGETED_DEVICE_FAMILY = "1,2";
			};
			name = Release;
		};
		84DDDD3125270D3E00B8AA1A /* Debug */ = {
			isa = XCBuildConfiguration;
			baseConfigurationReference = C9A1D0B17ACB5BE479B84A67 /* Pods-Theln_TrainingTests.debug.xcconfig */;
			buildSettings = {
				ALWAYS_EMBED_SWIFT_STANDARD_LIBRARIES = YES;
				BUNDLE_LOADER = "$(TEST_HOST)";
				CODE_SIGN_STYLE = Automatic;
				DEVELOPMENT_TEAM = 678Z7S5FB3;
				INFOPLIST_FILE = Theln_TrainingTests/Info.plist;
				IPHONEOS_DEPLOYMENT_TARGET = 13.2;
				LD_RUNPATH_SEARCH_PATHS = (
					"$(inherited)",
					"@executable_path/Frameworks",
					"@loader_path/Frameworks",
				);
				PRODUCT_BUNDLE_IDENTIFIER = "com.Theln-TrainingTests";
				PRODUCT_NAME = "$(TARGET_NAME)";
				SWIFT_VERSION = 5.0;
				TARGETED_DEVICE_FAMILY = "1,2";
				TEST_HOST = "$(BUILT_PRODUCTS_DIR)/Theln_Training.app/Theln_Training";
			};
			name = Debug;
		};
		84DDDD3225270D3E00B8AA1A /* Release */ = {
			isa = XCBuildConfiguration;
			baseConfigurationReference = 6AC7D35F8D14B1DD3EB8F0C0 /* Pods-Theln_TrainingTests.release.xcconfig */;
			buildSettings = {
				ALWAYS_EMBED_SWIFT_STANDARD_LIBRARIES = YES;
				BUNDLE_LOADER = "$(TEST_HOST)";
				CODE_SIGN_STYLE = Automatic;
				DEVELOPMENT_TEAM = 678Z7S5FB3;
				INFOPLIST_FILE = Theln_TrainingTests/Info.plist;
				IPHONEOS_DEPLOYMENT_TARGET = 13.2;
				LD_RUNPATH_SEARCH_PATHS = (
					"$(inherited)",
					"@executable_path/Frameworks",
					"@loader_path/Frameworks",
				);
				PRODUCT_BUNDLE_IDENTIFIER = "com.Theln-TrainingTests";
				PRODUCT_NAME = "$(TARGET_NAME)";
				SWIFT_VERSION = 5.0;
				TARGETED_DEVICE_FAMILY = "1,2";
				TEST_HOST = "$(BUILT_PRODUCTS_DIR)/Theln_Training.app/Theln_Training";
			};
			name = Release;
		};
		84DDDD3425270D3F00B8AA1A /* Debug */ = {
			isa = XCBuildConfiguration;
			baseConfigurationReference = DB03C71A13CFF6D099040156 /* Pods-Theln_Training-Theln_TrainingUITests.debug.xcconfig */;
			buildSettings = {
				ALWAYS_EMBED_SWIFT_STANDARD_LIBRARIES = YES;
				CODE_SIGN_STYLE = Automatic;
				DEVELOPMENT_TEAM = 678Z7S5FB3;
				INFOPLIST_FILE = Theln_TrainingUITests/Info.plist;
				LD_RUNPATH_SEARCH_PATHS = (
					"$(inherited)",
					"@executable_path/Frameworks",
					"@loader_path/Frameworks",
				);
				PRODUCT_BUNDLE_IDENTIFIER = "com.Theln-TrainingUITests";
				PRODUCT_NAME = "$(TARGET_NAME)";
				SWIFT_VERSION = 5.0;
				TARGETED_DEVICE_FAMILY = "1,2";
				TEST_TARGET_NAME = Theln_Training;
			};
			name = Debug;
		};
		84DDDD3525270D3F00B8AA1A /* Release */ = {
			isa = XCBuildConfiguration;
			baseConfigurationReference = 5FCDD21F58D6D7D9420384DE /* Pods-Theln_Training-Theln_TrainingUITests.release.xcconfig */;
			buildSettings = {
				ALWAYS_EMBED_SWIFT_STANDARD_LIBRARIES = YES;
				CODE_SIGN_STYLE = Automatic;
				DEVELOPMENT_TEAM = 678Z7S5FB3;
				INFOPLIST_FILE = Theln_TrainingUITests/Info.plist;
				LD_RUNPATH_SEARCH_PATHS = (
					"$(inherited)",
					"@executable_path/Frameworks",
					"@loader_path/Frameworks",
				);
				PRODUCT_BUNDLE_IDENTIFIER = "com.Theln-TrainingUITests";
				PRODUCT_NAME = "$(TARGET_NAME)";
				SWIFT_VERSION = 5.0;
				TARGETED_DEVICE_FAMILY = "1,2";
				TEST_TARGET_NAME = Theln_Training;
			};
			name = Release;
		};
/* End XCBuildConfiguration section */

/* Begin XCConfigurationList section */
		84DDDCFE25270D3100B8AA1A /* Build configuration list for PBXProject "Theln_Training" */ = {
			isa = XCConfigurationList;
			buildConfigurations = (
				84DDDD2B25270D3D00B8AA1A /* Debug */,
				84DDDD2C25270D3D00B8AA1A /* Release */,
			);
			defaultConfigurationIsVisible = 0;
			defaultConfigurationName = Release;
		};
		84DDDD2D25270D3E00B8AA1A /* Build configuration list for PBXNativeTarget "Theln_Training" */ = {
			isa = XCConfigurationList;
			buildConfigurations = (
				84DDDD2E25270D3E00B8AA1A /* Debug */,
				84DDDD2F25270D3E00B8AA1A /* Release */,
			);
			defaultConfigurationIsVisible = 0;
			defaultConfigurationName = Release;
		};
		84DDDD3025270D3E00B8AA1A /* Build configuration list for PBXNativeTarget "Theln_TrainingTests" */ = {
			isa = XCConfigurationList;
			buildConfigurations = (
				84DDDD3125270D3E00B8AA1A /* Debug */,
				84DDDD3225270D3E00B8AA1A /* Release */,
			);
			defaultConfigurationIsVisible = 0;
			defaultConfigurationName = Release;
		};
		84DDDD3325270D3F00B8AA1A /* Build configuration list for PBXNativeTarget "Theln_TrainingUITests" */ = {
			isa = XCConfigurationList;
			buildConfigurations = (
				84DDDD3425270D3F00B8AA1A /* Debug */,
				84DDDD3525270D3F00B8AA1A /* Release */,
			);
			defaultConfigurationIsVisible = 0;
			defaultConfigurationName = Release;
		};
/* End XCConfigurationList section */
	};
	rootObject = 84DDDCFB25270D2C00B8AA1A /* Project object */;
}
